// !$*UTF8*$!
{
	archiveVersion = 1;
	classes = {
	};
	objectVersion = 56;
	objects = {

/* Begin PBXBuildFile section */
		3376B6E82B528F3B0038FECF /* AppDelegate.swift in Sources */ = {isa = PBXBuildFile; fileRef = 3376B6E72B528F3B0038FECF /* AppDelegate.swift */; };
		3376B6EA2B528F3B0038FECF /* SceneDelegate.swift in Sources */ = {isa = PBXBuildFile; fileRef = 3376B6E92B528F3B0038FECF /* SceneDelegate.swift */; };
		3376B6EC2B528F3B0038FECF /* CounterViewController.swift in Sources */ = {isa = PBXBuildFile; fileRef = 3376B6EB2B528F3B0038FECF /* CounterViewController.swift */; };
		3376B6EF2B528F3B0038FECF /* Main.storyboard in Resources */ = {isa = PBXBuildFile; fileRef = 3376B6ED2B528F3B0038FECF /* Main.storyboard */; };
		3376B6F12B528F3C0038FECF /* Assets.xcassets in Resources */ = {isa = PBXBuildFile; fileRef = 3376B6F02B528F3C0038FECF /* Assets.xcassets */; };
		3376B6F42B528F3C0038FECF /* LaunchScreen.storyboard in Resources */ = {isa = PBXBuildFile; fileRef = 3376B6F22B528F3C0038FECF /* LaunchScreen.storyboard */; };
		3376B6FF2B528F3C0038FECF /* CounterTests.swift in Sources */ = {isa = PBXBuildFile; fileRef = 3376B6FE2B528F3C0038FECF /* CounterTests.swift */; };
		3376B7092B528F3C0038FECF /* CounterUITests.swift in Sources */ = {isa = PBXBuildFile; fileRef = 3376B7082B528F3C0038FECF /* CounterUITests.swift */; };
		3376B70B2B528F3C0038FECF /* CounterUITestsLaunchTests.swift in Sources */ = {isa = PBXBuildFile; fileRef = 3376B70A2B528F3C0038FECF /* CounterUITestsLaunchTests.swift */; };
		3376B7182B52B0090038FECF /* CounterModel.swift in Sources */ = {isa = PBXBuildFile; fileRef = 3376B7172B52B0090038FECF /* CounterModel.swift */; };
		3376B71A2B52B0480038FECF /* CounterView.swift in Sources */ = {isa = PBXBuildFile; fileRef = 3376B7192B52B0480038FECF /* CounterView.swift */; };
		3376B71E2B53F8560038FECF /* CounterViewModel.swift in Sources */ = {isa = PBXBuildFile; fileRef = 3376B71D2B53F8560038FECF /* CounterViewModel.swift */; };
/* End PBXBuildFile section */

/* Begin PBXContainerItemProxy section */
		3376B6FB2B528F3C0038FECF /* PBXContainerItemProxy */ = {
			isa = PBXContainerItemProxy;
			containerPortal = 3376B6DC2B528F3B0038FECF /* Project object */;
			proxyType = 1;
			remoteGlobalIDString = 3376B6E32B528F3B0038FECF;
			remoteInfo = Counter;
		};
		3376B7052B528F3C0038FECF /* PBXContainerItemProxy */ = {
			isa = PBXContainerItemProxy;
			containerPortal = 3376B6DC2B528F3B0038FECF /* Project object */;
			proxyType = 1;
			remoteGlobalIDString = 3376B6E32B528F3B0038FECF;
			remoteInfo = Counter;
		};
/* End PBXContainerItemProxy section */

/* Begin PBXFileReference section */
		3376B6E42B528F3B0038FECF /* Counter.app */ = {isa = PBXFileReference; explicitFileType = wrapper.application; includeInIndex = 0; path = Counter.app; sourceTree = BUILT_PRODUCTS_DIR; };
		3376B6E72B528F3B0038FECF /* AppDelegate.swift */ = {isa = PBXFileReference; lastKnownFileType = sourcecode.swift; path = AppDelegate.swift; sourceTree = "<group>"; };
		3376B6E92B528F3B0038FECF /* SceneDelegate.swift */ = {isa = PBXFileReference; lastKnownFileType = sourcecode.swift; path = SceneDelegate.swift; sourceTree = "<group>"; };
		3376B6EB2B528F3B0038FECF /* CounterViewController.swift */ = {isa = PBXFileReference; lastKnownFileType = sourcecode.swift; path = CounterViewController.swift; sourceTree = "<group>"; };
		3376B6EE2B528F3B0038FECF /* Base */ = {isa = PBXFileReference; lastKnownFileType = file.storyboard; name = Base; path = Base.lproj/Main.storyboard; sourceTree = "<group>"; };
		3376B6F02B528F3C0038FECF /* Assets.xcassets */ = {isa = PBXFileReference; lastKnownFileType = folder.assetcatalog; path = Assets.xcassets; sourceTree = "<group>"; };
		3376B6F32B528F3C0038FECF /* Base */ = {isa = PBXFileReference; lastKnownFileType = file.storyboard; name = Base; path = Base.lproj/LaunchScreen.storyboard; sourceTree = "<group>"; };
		3376B6F52B528F3C0038FECF /* Info.plist */ = {isa = PBXFileReference; lastKnownFileType = text.plist.xml; path = Info.plist; sourceTree = "<group>"; };
		3376B6FA2B528F3C0038FECF /* CounterTests.xctest */ = {isa = PBXFileReference; explicitFileType = wrapper.cfbundle; includeInIndex = 0; path = CounterTests.xctest; sourceTree = BUILT_PRODUCTS_DIR; };
		3376B6FE2B528F3C0038FECF /* CounterTests.swift */ = {isa = PBXFileReference; lastKnownFileType = sourcecode.swift; path = CounterTests.swift; sourceTree = "<group>"; };
		3376B7042B528F3C0038FECF /* CounterUITests.xctest */ = {isa = PBXFileReference; explicitFileType = wrapper.cfbundle; includeInIndex = 0; path = CounterUITests.xctest; sourceTree = BUILT_PRODUCTS_DIR; };
		3376B7082B528F3C0038FECF /* CounterUITests.swift */ = {isa = PBXFileReference; lastKnownFileType = sourcecode.swift; path = CounterUITests.swift; sourceTree = "<group>"; };
		3376B70A2B528F3C0038FECF /* CounterUITestsLaunchTests.swift */ = {isa = PBXFileReference; lastKnownFileType = sourcecode.swift; path = CounterUITestsLaunchTests.swift; sourceTree = "<group>"; };
		3376B7172B52B0090038FECF /* CounterModel.swift */ = {isa = PBXFileReference; lastKnownFileType = sourcecode.swift; path = CounterModel.swift; sourceTree = "<group>"; };
		3376B7192B52B0480038FECF /* CounterView.swift */ = {isa = PBXFileReference; lastKnownFileType = sourcecode.swift; path = CounterView.swift; sourceTree = "<group>"; };
		3376B71D2B53F8560038FECF /* CounterViewModel.swift */ = {isa = PBXFileReference; lastKnownFileType = sourcecode.swift; name = CounterViewModel.swift; path = ../../Documents/CounterViewModel.swift; sourceTree = "<group>"; };
/* End PBXFileReference section */

/* Begin PBXFrameworksBuildPhase section */
		3376B6E12B528F3B0038FECF /* Frameworks */ = {
			isa = PBXFrameworksBuildPhase;
			buildActionMask = 2147483647;
			files = (
			);
			runOnlyForDeploymentPostprocessing = 0;
		};
		3376B6F72B528F3C0038FECF /* Frameworks */ = {
			isa = PBXFrameworksBuildPhase;
			buildActionMask = 2147483647;
			files = (
			);
			runOnlyForDeploymentPostprocessing = 0;
		};
		3376B7012B528F3C0038FECF /* Frameworks */ = {
			isa = PBXFrameworksBuildPhase;
			buildActionMask = 2147483647;
			files = (
			);
			runOnlyForDeploymentPostprocessing = 0;
		};
/* End PBXFrameworksBuildPhase section */

/* Begin PBXGroup section */
		3376B6DB2B528F3B0038FECF = {
			isa = PBXGroup;
			children = (
				3376B6E62B528F3B0038FECF /* Counter */,
				3376B6FD2B528F3C0038FECF /* CounterTests */,
				3376B7072B528F3C0038FECF /* CounterUITests */,
				3376B6E52B528F3B0038FECF /* Products */,
			);
			sourceTree = "<group>";
		};
		3376B6E52B528F3B0038FECF /* Products */ = {
			isa = PBXGroup;
			children = (
				3376B6E42B528F3B0038FECF /* Counter.app */,
				3376B6FA2B528F3C0038FECF /* CounterTests.xctest */,
				3376B7042B528F3C0038FECF /* CounterUITests.xctest */,
			);
			name = Products;
			sourceTree = "<group>";
		};
		3376B6E62B528F3B0038FECF /* Counter */ = {
			isa = PBXGroup;
			children = (
				3376B6E72B528F3B0038FECF /* AppDelegate.swift */,
				3376B6E92B528F3B0038FECF /* SceneDelegate.swift */,
				3376B6ED2B528F3B0038FECF /* Main.storyboard */,
				3376B6F02B528F3C0038FECF /* Assets.xcassets */,
				3376B6F22B528F3C0038FECF /* LaunchScreen.storyboard */,
				3376B6F52B528F3C0038FECF /* Info.plist */,
				3376B7172B52B0090038FECF /* CounterModel.swift */,
				3376B71D2B53F8560038FECF /* CounterViewModel.swift */,
				3376B6EB2B528F3B0038FECF /* CounterViewController.swift */,
				3376B7192B52B0480038FECF /* CounterView.swift */,
			);
			path = Counter;
			sourceTree = "<group>";
		};
		3376B6FD2B528F3C0038FECF /* CounterTests */ = {
			isa = PBXGroup;
			children = (
				3376B6FE2B528F3C0038FECF /* CounterTests.swift */,
			);
			path = CounterTests;
			sourceTree = "<group>";
		};
		3376B7072B528F3C0038FECF /* CounterUITests */ = {
			isa = PBXGroup;
			children = (
				3376B7082B528F3C0038FECF /* CounterUITests.swift */,
				3376B70A2B528F3C0038FECF /* CounterUITestsLaunchTests.swift */,
			);
			path = CounterUITests;
			sourceTree = "<group>";
		};
/* End PBXGroup section */

/* Begin PBXNativeTarget section */
		3376B6E32B528F3B0038FECF /* Counter */ = {
			isa = PBXNativeTarget;
			buildConfigurationList = 3376B70E2B528F3C0038FECF /* Build configuration list for PBXNativeTarget "Counter" */;
			buildPhases = (
				3376B6E02B528F3B0038FECF /* Sources */,
				3376B6E12B528F3B0038FECF /* Frameworks */,
				3376B6E22B528F3B0038FECF /* Resources */,
			);
			buildRules = (
			);
			dependencies = (
			);
			name = Counter;
			productName = Counter;
			productReference = 3376B6E42B528F3B0038FECF /* Counter.app */;
			productType = "com.apple.product-type.application";
		};
		3376B6F92B528F3C0038FECF /* CounterTests */ = {
			isa = PBXNativeTarget;
			buildConfigurationList = 3376B7112B528F3C0038FECF /* Build configuration list for PBXNativeTarget "CounterTests" */;
			buildPhases = (
				3376B6F62B528F3C0038FECF /* Sources */,
				3376B6F72B528F3C0038FECF /* Frameworks */,
				3376B6F82B528F3C0038FECF /* Resources */,
			);
			buildRules = (
			);
			dependencies = (
				3376B6FC2B528F3C0038FECF /* PBXTargetDependency */,
			);
			name = CounterTests;
			productName = CounterTests;
			productReference = 3376B6FA2B528F3C0038FECF /* CounterTests.xctest */;
			productType = "com.apple.product-type.bundle.unit-test";
		};
		3376B7032B528F3C0038FECF /* CounterUITests */ = {
			isa = PBXNativeTarget;
			buildConfigurationList = 3376B7142B528F3C0038FECF /* Build configuration list for PBXNativeTarget "CounterUITests" */;
			buildPhases = (
				3376B7002B528F3C0038FECF /* Sources */,
				3376B7012B528F3C0038FECF /* Frameworks */,
				3376B7022B528F3C0038FECF /* Resources */,
			);
			buildRules = (
			);
			dependencies = (
				3376B7062B528F3C0038FECF /* PBXTargetDependency */,
			);
			name = CounterUITests;
			productName = CounterUITests;
			productReference = 3376B7042B528F3C0038FECF /* CounterUITests.xctest */;
			productType = "com.apple.product-type.bundle.ui-testing";
		};
/* End PBXNativeTarget section */

/* Begin PBXProject section */
		3376B6DC2B528F3B0038FECF /* Project object */ = {
			isa = PBXProject;
			attributes = {
				BuildIndependentTargetsInParallel = 1;
				LastSwiftUpdateCheck = 1520;
				LastUpgradeCheck = 1520;
				TargetAttributes = {
					3376B6E32B528F3B0038FECF = {
						CreatedOnToolsVersion = 15.2;
					};
					3376B6F92B528F3C0038FECF = {
						CreatedOnToolsVersion = 15.2;
						TestTargetID = 3376B6E32B528F3B0038FECF;
					};
					3376B7032B528F3C0038FECF = {
						CreatedOnToolsVersion = 15.2;
						TestTargetID = 3376B6E32B528F3B0038FECF;
					};
				};
			};
			buildConfigurationList = 3376B6DF2B528F3B0038FECF /* Build configuration list for PBXProject "Counter" */;
			compatibilityVersion = "Xcode 14.0";
			developmentRegion = en;
			hasScannedForEncodings = 0;
			knownRegions = (
				en,
				Base,
			);
			mainGroup = 3376B6DB2B528F3B0038FECF;
			productRefGroup = 3376B6E52B528F3B0038FECF /* Products */;
			projectDirPath = "";
			projectRoot = "";
			targets = (
				3376B6E32B528F3B0038FECF /* Counter */,
				3376B6F92B528F3C0038FECF /* CounterTests */,
				3376B7032B528F3C0038FECF /* CounterUITests */,
			);
		};
/* End PBXProject section */

/* Begin PBXResourcesBuildPhase section */
		3376B6E22B528F3B0038FECF /* Resources */ = {
			isa = PBXResourcesBuildPhase;
			buildActionMask = 2147483647;
			files = (
				3376B6F42B528F3C0038FECF /* LaunchScreen.storyboard in Resources */,
				3376B6F12B528F3C0038FECF /* Assets.xcassets in Resources */,
				3376B6EF2B528F3B0038FECF /* Main.storyboard in Resources */,
			);
			runOnlyForDeploymentPostprocessing = 0;
		};
		3376B6F82B528F3C0038FECF /* Resources */ = {
			isa = PBXResourcesBuildPhase;
			buildActionMask = 2147483647;
			files = (
			);
			runOnlyForDeploymentPostprocessing = 0;
		};
		3376B7022B528F3C0038FECF /* Resources */ = {
			isa = PBXResourcesBuildPhase;
			buildActionMask = 2147483647;
			files = (
			);
			runOnlyForDeploymentPostprocessing = 0;
		};
/* End PBXResourcesBuildPhase section */

/* Begin PBXSourcesBuildPhase section */
		3376B6E02B528F3B0038FECF /* Sources */ = {
			isa = PBXSourcesBuildPhase;
			buildActionMask = 2147483647;
			files = (
				3376B6EC2B528F3B0038FECF /* CounterViewController.swift in Sources */,
				3376B6E82B528F3B0038FECF /* AppDelegate.swift in Sources */,
				3376B7182B52B0090038FECF /* CounterModel.swift in Sources */,
				3376B6EA2B528F3B0038FECF /* SceneDelegate.swift in Sources */,
				3376B71A2B52B0480038FECF /* CounterView.swift in Sources */,
				3376B71E2B53F8560038FECF /* CounterViewModel.swift in Sources */,
			);
			runOnlyForDeploymentPostprocessing = 0;
		};
		3376B6F62B528F3C0038FECF /* Sources */ = {
			isa = PBXSourcesBuildPhase;
			buildActionMask = 2147483647;
			files = (
				3376B6FF2B528F3C0038FECF /* CounterTests.swift in Sources */,
			);
			runOnlyForDeploymentPostprocessing = 0;
		};
		3376B7002B528F3C0038FECF /* Sources */ = {
			isa = PBXSourcesBuildPhase;
			buildActionMask = 2147483647;
			files = (
				3376B7092B528F3C0038FECF /* CounterUITests.swift in Sources */,
				3376B70B2B528F3C0038FECF /* CounterUITestsLaunchTests.swift in Sources */,
			);
			runOnlyForDeploymentPostprocessing = 0;
		};
/* End PBXSourcesBuildPhase section */

/* Begin PBXTargetDependency section */
		3376B6FC2B528F3C0038FECF /* PBXTargetDependency */ = {
			isa = PBXTargetDependency;
			target = 3376B6E32B528F3B0038FECF /* Counter */;
			targetProxy = 3376B6FB2B528F3C0038FECF /* PBXContainerItemProxy */;
		};
		3376B7062B528F3C0038FECF /* PBXTargetDependency */ = {
			isa = PBXTargetDependency;
			target = 3376B6E32B528F3B0038FECF /* Counter */;
			targetProxy = 3376B7052B528F3C0038FECF /* PBXContainerItemProxy */;
		};
/* End PBXTargetDependency section */

/* Begin PBXVariantGroup section */
		3376B6ED2B528F3B0038FECF /* Main.storyboard */ = {
			isa = PBXVariantGroup;
			children = (
				3376B6EE2B528F3B0038FECF /* Base */,
			);
			name = Main.storyboard;
			sourceTree = "<group>";
		};
		3376B6F22B528F3C0038FECF /* LaunchScreen.storyboard */ = {
			isa = PBXVariantGroup;
			children = (
				3376B6F32B528F3C0038FECF /* Base */,
			);
			name = LaunchScreen.storyboard;
			sourceTree = "<group>";
		};
/* End PBXVariantGroup section */

/* Begin XCBuildConfiguration section */
		3376B70C2B528F3C0038FECF /* Debug */ = {
			isa = XCBuildConfiguration;
			buildSettings = {
				ALWAYS_SEARCH_USER_PATHS = NO;
				ASSETCATALOG_COMPILER_GENERATE_SWIFT_ASSET_SYMBOL_EXTENSIONS = YES;
				CLANG_ANALYZER_NONNULL = YES;
				CLANG_ANALYZER_NUMBER_OBJECT_CONVERSION = YES_AGGRESSIVE;
				CLANG_CXX_LANGUAGE_STANDARD = "gnu++20";
				CLANG_ENABLE_MODULES = YES;
				CLANG_ENABLE_OBJC_ARC = YES;
				CLANG_ENABLE_OBJC_WEAK = YES;
				CLANG_WARN_BLOCK_CAPTURE_AUTORELEASING = YES;
				CLANG_WARN_BOOL_CONVERSION = YES;
				CLANG_WARN_COMMA = YES;
				CLANG_WARN_CONSTANT_CONVERSION = YES;
				CLANG_WARN_DEPRECATED_OBJC_IMPLEMENTATIONS = YES;
				CLANG_WARN_DIRECT_OBJC_ISA_USAGE = YES_ERROR;
				CLANG_WARN_DOCUMENTATION_COMMENTS = YES;
				CLANG_WARN_EMPTY_BODY = YES;
				CLANG_WARN_ENUM_CONVERSION = YES;
				CLANG_WARN_INFINITE_RECURSION = YES;
				CLANG_WARN_INT_CONVERSION = YES;
				CLANG_WARN_NON_LITERAL_NULL_CONVERSION = YES;
				CLANG_WARN_OBJC_IMPLICIT_RETAIN_SELF = YES;
				CLANG_WARN_OBJC_LITERAL_CONVERSION = YES;
				CLANG_WARN_OBJC_ROOT_CLASS = YES_ERROR;
				CLANG_WARN_QUOTED_INCLUDE_IN_FRAMEWORK_HEADER = YES;
				CLANG_WARN_RANGE_LOOP_ANALYSIS = YES;
				CLANG_WARN_STRICT_PROTOTYPES = YES;
				CLANG_WARN_SUSPICIOUS_MOVE = YES;
				CLANG_WARN_UNGUARDED_AVAILABILITY = YES_AGGRESSIVE;
				CLANG_WARN_UNREACHABLE_CODE = YES;
				CLANG_WARN__DUPLICATE_METHOD_MATCH = YES;
				COPY_PHASE_STRIP = NO;
				DEBUG_INFORMATION_FORMAT = dwarf;
				ENABLE_STRICT_OBJC_MSGSEND = YES;
				ENABLE_TESTABILITY = YES;
				ENABLE_USER_SCRIPT_SANDBOXING = YES;
				GCC_C_LANGUAGE_STANDARD = gnu17;
				GCC_DYNAMIC_NO_PIC = NO;
				GCC_NO_COMMON_BLOCKS = YES;
				GCC_OPTIMIZATION_LEVEL = 0;
				GCC_PREPROCESSOR_DEFINITIONS = (
					"DEBUG=1",
					"$(inherited)",
				);
				GCC_WARN_64_TO_32_BIT_CONVERSION = YES;
				GCC_WARN_ABOUT_RETURN_TYPE = YES_ERROR;
				GCC_WARN_UNDECLARED_SELECTOR = YES;
				GCC_WARN_UNINITIALIZED_AUTOS = YES_AGGRESSIVE;
				GCC_WARN_UNUSED_FUNCTION = YES;
				GCC_WARN_UNUSED_VARIABLE = YES;
				IPHONEOS_DEPLOYMENT_TARGET = 17.2;
				LOCALIZATION_PREFERS_STRING_CATALOGS = YES;
				MTL_ENABLE_DEBUG_INFO = INCLUDE_SOURCE;
				MTL_FAST_MATH = YES;
				ONLY_ACTIVE_ARCH = YES;
				SDKROOT = iphoneos;
				SWIFT_ACTIVE_COMPILATION_CONDITIONS = "DEBUG $(inherited)";
				SWIFT_OPTIMIZATION_LEVEL = "-Onone";
			};
			name = Debug;
		};
		3376B70D2B528F3C0038FECF /* Release */ = {
			isa = XCBuildConfiguration;
			buildSettings = {
				ALWAYS_SEARCH_USER_PATHS = NO;
				ASSETCATALOG_COMPILER_GENERATE_SWIFT_ASSET_SYMBOL_EXTENSIONS = YES;
				CLANG_ANALYZER_NONNULL = YES;
				CLANG_ANALYZER_NUMBER_OBJECT_CONVERSION = YES_AGGRESSIVE;
				CLANG_CXX_LANGUAGE_STANDARD = "gnu++20";
				CLANG_ENABLE_MODULES = YES;
				CLANG_ENABLE_OBJC_ARC = YES;
				CLANG_ENABLE_OBJC_WEAK = YES;
				CLANG_WARN_BLOCK_CAPTURE_AUTORELEASING = YES;
				CLANG_WARN_BOOL_CONVERSION = YES;
				CLANG_WARN_COMMA = YES;
				CLANG_WARN_CONSTANT_CONVERSION = YES;
				CLANG_WARN_DEPRECATED_OBJC_IMPLEMENTATIONS = YES;
				CLANG_WARN_DIRECT_OBJC_ISA_USAGE = YES_ERROR;
				CLANG_WARN_DOCUMENTATION_COMMENTS = YES;
				CLANG_WARN_EMPTY_BODY = YES;
				CLANG_WARN_ENUM_CONVERSION = YES;
				CLANG_WARN_INFINITE_RECURSION = YES;
				CLANG_WARN_INT_CONVERSION = YES;
				CLANG_WARN_NON_LITERAL_NULL_CONVERSION = YES;
				CLANG_WARN_OBJC_IMPLICIT_RETAIN_SELF = YES;
				CLANG_WARN_OBJC_LITERAL_CONVERSION = YES;
				CLANG_WARN_OBJC_ROOT_CLASS = YES_ERROR;
				CLANG_WARN_QUOTED_INCLUDE_IN_FRAMEWORK_HEADER = YES;
				CLANG_WARN_RANGE_LOOP_ANALYSIS = YES;
				CLANG_WARN_STRICT_PROTOTYPES = YES;
				CLANG_WARN_SUSPICIOUS_MOVE = YES;
				CLANG_WARN_UNGUARDED_AVAILABILITY = YES_AGGRESSIVE;
				CLANG_WARN_UNREACHABLE_CODE = YES;
				CLANG_WARN__DUPLICATE_METHOD_MATCH = YES;
				COPY_PHASE_STRIP = NO;
				DEBUG_INFORMATION_FORMAT = "dwarf-with-dsym";
				ENABLE_NS_ASSERTIONS = NO;
				ENABLE_STRICT_OBJC_MSGSEND = YES;
				ENABLE_USER_SCRIPT_SANDBOXING = YES;
				GCC_C_LANGUAGE_STANDARD = gnu17;
				GCC_NO_COMMON_BLOCKS = YES;
				GCC_WARN_64_TO_32_BIT_CONVERSION = YES;
				GCC_WARN_ABOUT_RETURN_TYPE = YES_ERROR;
				GCC_WARN_UNDECLARED_SELECTOR = YES;
				GCC_WARN_UNINITIALIZED_AUTOS = YES_AGGRESSIVE;
				GCC_WARN_UNUSED_FUNCTION = YES;
				GCC_WARN_UNUSED_VARIABLE = YES;
				IPHONEOS_DEPLOYMENT_TARGET = 17.2;
				LOCALIZATION_PREFERS_STRING_CATALOGS = YES;
				MTL_ENABLE_DEBUG_INFO = NO;
				MTL_FAST_MATH = YES;
				SDKROOT = iphoneos;
				SWIFT_COMPILATION_MODE = wholemodule;
				VALIDATE_PRODUCT = YES;
			};
			name = Release;
		};
		3376B70F2B528F3C0038FECF /* Debug */ = {
			isa = XCBuildConfiguration;
			buildSettings = {
				ASSETCATALOG_COMPILER_APPICON_NAME = AppIcon;
				ASSETCATALOG_COMPILER_GLOBAL_ACCENT_COLOR_NAME = AccentColor;
				CODE_SIGN_STYLE = Automatic;
				CURRENT_PROJECT_VERSION = 1;
				DEVELOPMENT_TEAM = DH9CS7PA5D;
				GENERATE_INFOPLIST_FILE = YES;
				INFOPLIST_FILE = Counter/Info.plist;
				INFOPLIST_KEY_UIApplicationSupportsIndirectInputEvents = YES;
				INFOPLIST_KEY_UILaunchStoryboardName = LaunchScreen;
				INFOPLIST_KEY_UIMainStoryboardFile = Main;
				INFOPLIST_KEY_UISupportedInterfaceOrientations_iPad = "UIInterfaceOrientationPortrait UIInterfaceOrientationPortraitUpsideDown UIInterfaceOrientationLandscapeLeft UIInterfaceOrientationLandscapeRight";
				INFOPLIST_KEY_UISupportedInterfaceOrientations_iPhone = "UIInterfaceOrientationPortrait UIInterfaceOrientationLandscapeLeft UIInterfaceOrientationLandscapeRight";
				LD_RUNPATH_SEARCH_PATHS = (
					"$(inherited)",
					"@executable_path/Frameworks",
				);
				MARKETING_VERSION = 1.0;
				PRODUCT_BUNDLE_IDENTIFIER = com.kimhyeji.Counter;
				PRODUCT_NAME = "$(TARGET_NAME)";
				SWIFT_EMIT_LOC_STRINGS = YES;
				SWIFT_VERSION = 5.0;
				TARGETED_DEVICE_FAMILY = "1,2";
			};
			name = Debug;
		};
		3376B7102B528F3C0038FECF /* Release */ = {
			isa = XCBuildConfiguration;
			buildSettings = {
				ASSETCATALOG_COMPILER_APPICON_NAME = AppIcon;
				ASSETCATALOG_COMPILER_GLOBAL_ACCENT_COLOR_NAME = AccentColor;
				CODE_SIGN_STYLE = Automatic;
				CURRENT_PROJECT_VERSION = 1;
				DEVELOPMENT_TEAM = DH9CS7PA5D;
				GENERATE_INFOPLIST_FILE = YES;
				INFOPLIST_FILE = Counter/Info.plist;
				INFOPLIST_KEY_UIApplicationSupportsIndirectInputEvents = YES;
				INFOPLIST_KEY_UILaunchStoryboardName = LaunchScreen;
				INFOPLIST_KEY_UIMainStoryboardFile = Main;
				INFOPLIST_KEY_UISupportedInterfaceOrientations_iPad = "UIInterfaceOrientationPortrait UIInterfaceOrientationPortraitUpsideDown UIInterfaceOrientationLandscapeLeft UIInterfaceOrientationLandscapeRight";
				INFOPLIST_KEY_UISupportedInterfaceOrientations_iPhone = "UIInterfaceOrientationPortrait UIInterfaceOrientationLandscapeLeft UIInterfaceOrientationLandscapeRight";
				LD_RUNPATH_SEARCH_PATHS = (
					"$(inherited)",
					"@executable_path/Frameworks",
				);
				MARKETING_VERSION = 1.0;
				PRODUCT_BUNDLE_IDENTIFIER = com.kimhyeji.Counter;
				PRODUCT_NAME = "$(TARGET_NAME)";
				SWIFT_EMIT_LOC_STRINGS = YES;
				SWIFT_VERSION = 5.0;
				TARGETED_DEVICE_FAMILY = "1,2";
			};
			name = Release;
		};
		3376B7122B528F3C0038FECF /* Debug */ = {
			isa = XCBuildConfiguration;
			buildSettings = {
				ALWAYS_EMBED_SWIFT_STANDARD_LIBRARIES = YES;
				BUNDLE_LOADER = "$(TEST_HOST)";
				CODE_SIGN_STYLE = Automatic;
				CURRENT_PROJECT_VERSION = 1;
				DEVELOPMENT_TEAM = DH9CS7PA5D;
				GENERATE_INFOPLIST_FILE = YES;
				IPHONEOS_DEPLOYMENT_TARGET = 17.2;
				MARKETING_VERSION = 1.0;
				PRODUCT_BUNDLE_IDENTIFIER = com.kimhyeji.CounterTests;
				PRODUCT_NAME = "$(TARGET_NAME)";
				SWIFT_EMIT_LOC_STRINGS = NO;
				SWIFT_VERSION = 5.0;
				TARGETED_DEVICE_FAMILY = "1,2";
				TEST_HOST = "$(BUILT_PRODUCTS_DIR)/Counter.app/$(BUNDLE_EXECUTABLE_FOLDER_PATH)/Counter";
			};
			name = Debug;
		};
		3376B7132B528F3C0038FECF /* Release */ = {
			isa = XCBuildConfiguration;
			buildSettings = {
				ALWAYS_EMBED_SWIFT_STANDARD_LIBRARIES = YES;
				BUNDLE_LOADER = "$(TEST_HOST)";
				CODE_SIGN_STYLE = Automatic;
				CURRENT_PROJECT_VERSION = 1;
				DEVELOPMENT_TEAM = DH9CS7PA5D;
				GENERATE_INFOPLIST_FILE = YES;
				IPHONEOS_DEPLOYMENT_TARGET = 17.2;
				MARKETING_VERSION = 1.0;
				PRODUCT_BUNDLE_IDENTIFIER = com.kimhyeji.CounterTests;
				PRODUCT_NAME = "$(TARGET_NAME)";
				SWIFT_EMIT_LOC_STRINGS = NO;
				SWIFT_VERSION = 5.0;
				TARGETED_DEVICE_FAMILY = "1,2";
				TEST_HOST = "$(BUILT_PRODUCTS_DIR)/Counter.app/$(BUNDLE_EXECUTABLE_FOLDER_PATH)/Counter";
			};
			name = Release;
		};
		3376B7152B528F3C0038FECF /* Debug */ = {
			isa = XCBuildConfiguration;
			buildSettings = {
				ALWAYS_EMBED_SWIFT_STANDARD_LIBRARIES = YES;
				CODE_SIGN_STYLE = Automatic;
				CURRENT_PROJECT_VERSION = 1;
				DEVELOPMENT_TEAM = DH9CS7PA5D;
				GENERATE_INFOPLIST_FILE = YES;
				MARKETING_VERSION = 1.0;
				PRODUCT_BUNDLE_IDENTIFIER = com.kimhyeji.CounterUITests;
				PRODUCT_NAME = "$(TARGET_NAME)";
				SWIFT_EMIT_LOC_STRINGS = NO;
				SWIFT_VERSION = 5.0;
				TARGETED_DEVICE_FAMILY = "1,2";
				TEST_TARGET_NAME = Counter;
			};
			name = Debug;
		};
		3376B7162B528F3C0038FECF /* Release */ = {
			isa = XCBuildConfiguration;
			buildSettings = {
				ALWAYS_EMBED_SWIFT_STANDARD_LIBRARIES = YES;
				CODE_SIGN_STYLE = Automatic;
				CURRENT_PROJECT_VERSION = 1;
				DEVELOPMENT_TEAM = DH9CS7PA5D;
				GENERATE_INFOPLIST_FILE = YES;
				MARKETING_VERSION = 1.0;
				PRODUCT_BUNDLE_IDENTIFIER = com.kimhyeji.CounterUITests;
				PRODUCT_NAME = "$(TARGET_NAME)";
				SWIFT_EMIT_LOC_STRINGS = NO;
				SWIFT_VERSION = 5.0;
				TARGETED_DEVICE_FAMILY = "1,2";
				TEST_TARGET_NAME = Counter;
			};
			name = Release;
		};
/* End XCBuildConfiguration section */

/* Begin XCConfigurationList section */
		3376B6DF2B528F3B0038FECF /* Build configuration list for PBXProject "Counter" */ = {
			isa = XCConfigurationList;
			buildConfigurations = (
				3376B70C2B528F3C0038FECF /* Debug */,
				3376B70D2B528F3C0038FECF /* Release */,
			);
			defaultConfigurationIsVisible = 0;
			defaultConfigurationName = Release;
		};
		3376B70E2B528F3C0038FECF /* Build configuration list for PBXNativeTarget "Counter" */ = {
			isa = XCConfigurationList;
			buildConfigurations = (
				3376B70F2B528F3C0038FECF /* Debug */,
				3376B7102B528F3C0038FECF /* Release */,
			);
			defaultConfigurationIsVisible = 0;
			defaultConfigurationName = Release;
		};
		3376B7112B528F3C0038FECF /* Build configuration list for PBXNativeTarget "CounterTests" */ = {
			isa = XCConfigurationList;
			buildConfigurations = (
				3376B7122B528F3C0038FECF /* Debug */,
				3376B7132B528F3C0038FECF /* Release */,
			);
			defaultConfigurationIsVisible = 0;
			defaultConfigurationName = Release;
		};
		3376B7142B528F3C0038FECF /* Build configuration list for PBXNativeTarget "CounterUITests" */ = {
			isa = XCConfigurationList;
			buildConfigurations = (
				3376B7152B528F3C0038FECF /* Debug */,
				3376B7162B528F3C0038FECF /* Release */,
			);
			defaultConfigurationIsVisible = 0;
			defaultConfigurationName = Release;
		};
/* End XCConfigurationList section */
	};
	rootObject = 3376B6DC2B528F3B0038FECF /* Project object */;
}
